{
  "version": 4,
  "terraform_version": "1.2.2",
  "serial": 45,
  "lineage": "4a738652-65be-03f0-31e5-e1390d92d631",
  "outputs": {},
  "resources": [
    {
      "mode": "managed",
      "type": "google_compute_firewall",
      "name": "milvus_ingress_firewall_rule",
      "provider": "provider[\"registry.terraform.io/hashicorp/google\"]",
      "instances": [
        {
          "schema_version": 1,
          "attributes": {
            "allow": [
              {
                "ports": [
                  "19530"
                ],
                "protocol": "tcp"
              }
            ],
            "creation_timestamp": "2022-06-13T21:08:18.152-07:00",
            "deny": [],
            "description": "Allow ingress traffic for Milvus on port 19530",
            "destination_ranges": [],
            "direction": "INGRESS",
            "disabled": false,
            "enable_logging": false,
            "id": "projects/milvus-testing/global/firewalls/milvus-ingress",
            "name": "milvus-ingress",
            "network": "https://www.googleapis.com/compute/v1/projects/milvus-testing/global/networks/dev-milvus-vpc",
            "priority": 1000,
            "project": "milvus-testing",
            "self_link": "https://www.googleapis.com/compute/v1/projects/milvus-testing/global/firewalls/milvus-ingress",
            "source_ranges": [
              "0.0.0.0/0"
            ],
            "source_service_accounts": [],
            "source_tags": [],
            "target_service_accounts": [],
            "target_tags": [],
            "timeouts": null
          },
          "sensitive_attributes": [],
          "private": "eyJlMmJmYjczMC1lY2FhLTExZTYtOGY4OC0zNDM2M2JjN2M0YzAiOnsiY3JlYXRlIjoyNDAwMDAwMDAwMDAsImRlbGV0ZSI6MjQwMDAwMDAwMDAwLCJ1cGRhdGUiOjI0MDAwMDAwMDAwMH0sInNjaGVtYV92ZXJzaW9uIjoiMSJ9",
          "dependencies": [
            "google_compute_network.vpc_network"
          ]
        }
      ]
    },
    {
      "mode": "managed",
      "type": "google_compute_network",
      "name": "vpc_network",
      "provider": "provider[\"registry.terraform.io/hashicorp/google\"]",
      "instances": [
        {
          "schema_version": 0,
          "attributes": {
            "auto_create_subnetworks": false,
            "delete_default_routes_on_create": false,
            "description": "",
            "gateway_ipv4": "",
            "id": "projects/milvus-testing/global/networks/dev-milvus-vpc",
            "ipv4_range": null,
            "name": "dev-milvus-vpc",
            "project": "milvus-testing",
            "routing_mode": "GLOBAL",
            "self_link": "https://www.googleapis.com/compute/v1/projects/milvus-testing/global/networks/dev-milvus-vpc",
            "timeouts": null
          },
          "sensitive_attributes": [],
          "private": "eyJlMmJmYjczMC1lY2FhLTExZTYtOGY4OC0zNDM2M2JjN2M0YzAiOnsiY3JlYXRlIjoyNDAwMDAwMDAwMDAsImRlbGV0ZSI6MjQwMDAwMDAwMDAwLCJ1cGRhdGUiOjI0MDAwMDAwMDAwMH19"
        }
      ]
    },
    {
      "mode": "managed",
      "type": "google_compute_subnetwork",
      "name": "network-with-private-secondary-ip-ranges",
      "provider": "provider[\"registry.terraform.io/hashicorp/google\"]",
      "instances": [
        {
          "schema_version": 0,
          "attributes": {
            "creation_timestamp": "2022-06-13T20:50:31.913-07:00",
            "description": "",
            "enable_flow_logs": null,
            "fingerprint": null,
            "gateway_address": "10.2.0.1",
            "id": "projects/milvus-testing/regions/us-east1/subnetworks/test-subnetwork",
            "ip_cidr_range": "10.2.0.0/16",
            "log_config": [],
            "name": "test-subnetwork",
            "network": "https://www.googleapis.com/compute/v1/projects/milvus-testing/global/networks/dev-milvus-vpc",
            "private_ip_google_access": false,
            "project": "milvus-testing",
            "region": "us-east1",
            "secondary_ip_range": [
              {
                "ip_cidr_range": "192.168.10.0/24",
                "range_name": "tf-test-secondary-range-update1"
              }
            ],
            "self_link": "https://www.googleapis.com/compute/v1/projects/milvus-testing/regions/us-east1/subnetworks/test-subnetwork",
            "timeouts": null
          },
          "sensitive_attributes": [],
          "private": "eyJlMmJmYjczMC1lY2FhLTExZTYtOGY4OC0zNDM2M2JjN2M0YzAiOnsiY3JlYXRlIjozNjAwMDAwMDAwMDAsImRlbGV0ZSI6MzYwMDAwMDAwMDAwLCJ1cGRhdGUiOjM2MDAwMDAwMDAwMH19",
          "dependencies": [
            "google_compute_network.vpc_network"
          ]
        }
      ]
    },
    {
      "mode": "managed",
      "type": "google_container_cluster",
      "name": "kubernetes_cluster",
      "provider": "provider[\"registry.terraform.io/hashicorp/google\"]",
      "instances": [
        {
          "schema_version": 1,
          "attributes": {
            "additional_zones": [],
            "addons_config": [
              {
                "horizontal_pod_autoscaling": [],
                "http_load_balancing": [],
                "kubernetes_dashboard": [],
                "network_policy_config": [
                  {
                    "disabled": true
                  }
                ]
              }
            ],
            "authenticator_groups_config": [],
            "cluster_autoscaling": [
              {
                "auto_provisioning_defaults": [],
                "enabled": false,
                "resource_limits": []
              }
            ],
            "cluster_ipv4_cidr": "10.24.0.0/14",
            "default_max_pods_per_node": 110,
            "description": "",
            "enable_binary_authorization": null,
            "enable_intranode_visibility": null,
            "enable_kubernetes_alpha": false,
            "enable_legacy_abac": false,
            "enable_tpu": null,
            "endpoint": "35.190.161.198",
            "id": "projects/milvus-testing/locations/us-east1-b/clusters/milvus-dev-cluster",
            "initial_node_count": 1,
            "instance_group_urls": [],
            "ip_allocation_policy": [
              {
                "cluster_ipv4_cidr_block": "10.24.0.0/14",
                "cluster_secondary_range_name": "gke-milvus-dev-cluster-pods-e778d379",
                "create_subnetwork": false,
                "node_ipv4_cidr_block": "",
                "services_ipv4_cidr_block": "10.28.0.0/20",
                "services_secondary_range_name": "gke-milvus-dev-cluster-services-e778d379",
                "subnetwork_name": "",
                "use_ip_aliases": false
              }
            ],
            "location": "us-east1-b",
            "logging_service": "logging.googleapis.com/kubernetes",
            "maintenance_policy": [],
            "master_auth": [
              {
                "client_certificate": "",
                "client_certificate_config": [
                  {
                    "issue_client_certificate": false
                  }
                ],
                "client_key": "",
                "cluster_ca_certificate": "LS0tLS1CRUdJTiBDRVJUSUZJQ0FURS0tLS0tCk1JSUVMVENDQXBXZ0F3SUJBZ0lSQU9hOFBxaXd0c3FoWEdPbUNvZ0xZSGd3RFFZSktvWklodmNOQVFFTEJRQXcKTHpFdE1Dc0dBMVVFQXhNa09EZGlOV1JoWmpJdE1qWTFOeTAwT1RCakxXRTFaamN0TXpjME1EQTNNRFZqWkdObQpNQ0FYRFRJeU1EWXhOakUzTURFd01Gb1lEekl3TlRJd05qQTRNVGd3TVRBd1dqQXZNUzB3S3dZRFZRUURFeVE0Ck4ySTFaR0ZtTWkweU5qVTNMVFE1TUdNdFlUVm1OeTB6TnpRd01EY3dOV05rWTJZd2dnR2lNQTBHQ1NxR1NJYjMKRFFFQkFRVUFBNElCandBd2dnR0tBb0lCZ1FDKzhxd0NmWTJrOWprVWxKNjU4Q3h6TlEwakhqbFBldjNLekxUYwpWYk5GMkc1TVNqN0hlTExaTFZWNS9hUitIOG4wcHRaZjhSc3JwbEFZUzVFOXZkZkNoWVEvb2Z4Z2ZLNTl2Vm5jCjlPdTQweGh2VzJTZ1FKSmpxdEo1bzFFeFBzUEVyUVB1S1pMU2ZjaHl6WnpVMTh2dXkxRkl2bWNEazYxdDNiTWEKQngyQXl3dDlkdGdGa1hNQVZOc0dZMHFtd25pa0k3b1BFeUQ0YS8wV1ZIRUNxOCtWVnVaeXVHdllKcDhyOGJlRwppRDd6dE1IVTVFNk1JTm1oL3Fld3l1cHg2ZkYxNlRpK0N0OTVwcjZJL09HTkNmSGVlb0JwVFl2MUlsY1diTEVDCjBoS1NZVXdDVVUvdXhqTjFyUHJmaFVpOFF2T0s5d0huRDMrSEpWSHRCR0wyMVJ1V2VIRTRnSFBmWmR5YnNwUlcKb1NiZVR2cGRtVnRDZXlPWlk2Q3RhYytUdndqY3oyQ2RDbGpQS2NycWNrbmlCbHJnY2JwMlhOeU9pOWMwNTdHVQo2R1BtWjZ5aC9jbDJYSEhNOHZoSnFxa0FKbThlSWpndXFEVmd6dGR1ZGlzUHlsK2dYWHJHN1Ftby9sUjIwVGJ5ClgyWFd3bzh0S29HMnNwSnB2OFI0bTBGVnY2RUNBd0VBQWFOQ01FQXdEZ1lEVlIwUEFRSC9CQVFEQWdJRU1BOEcKQTFVZEV3RUIvd1FGTUFNQkFmOHdIUVlEVlIwT0JCWUVGQm1sZzJOWUMvWlZsOCtsNk9MVWZTaEVlOFBuTUEwRwpDU3FHU0liM0RRRUJDd1VBQTRJQmdRQ3lTMmpsck0yM3VybUllUUJEOUxBbUkxeU14L1dldGRHWEU5eE5HV2pICm1MUzhJZVMwYXZWSXFNSzdteEVLeFlLTVVCb2hNcW02SC8wQTlzd0sweWFONjdTem82Wkgzc3BWVlJUaWpOd1AKbFpHUWNtNGhLRjNwblBrc3dzMGNHK2N3aXQxbkJkRS8yVE93R0hxVzFRYWp3MnhXZEMxSkhKUGp3THd5SUpYRwoxNVhTQXZhSnUxR1ZzYzlKSGYwL3k0dElnUnFZdGRTQWZqVlBMVkt0dkhLV3QrWm9jNmVJeWduOWU4NWVPNzErCkFFU1pMVnJzcFFaRzBMUms2VERsdElqWm1sNUl0SjM1SjM4bDUvNWc2OWZObjJBY0sxaVJqMmJuQ290UGpnWHkKS2ZtV2RQQWM5bG10OTNOdXhXaldlU3ZaMFhRak5YTUZpeFRMZjdTeUZhZ3lNWWVwTWc1clZZZXN0OHdnLzlEVAp1Tm42UkU4a21RUVZUZ09aVHRkZVhSU3VpeWoxSnN0MW9XdlhVT0huaERKbWN5OVlmQ1dhbGhCNEh2K1FqeVRlCmN6Qkl3L3NtZERVREdFV2ZTOUViQWx0R2hMd3FwcjVtVC9XeEttZ3VsVVdsVHRIbit1Y1dCdWNnOWlvNW9TYU4KK01WTk5EQ2JXRGVVUXlKMVBNRk0rbVk9Ci0tLS0tRU5EIENFUlRJRklDQVRFLS0tLS0K",
                "password": "",
                "username": ""
              }
            ],
            "master_authorized_networks_config": [],
            "master_version": "1.23.6-gke.1700",
            "min_master_version": "1.23.6-gke.1700",
            "monitoring_service": "monitoring.googleapis.com/kubernetes",
            "name": "milvus-dev-cluster",
            "network": "projects/milvus-testing/global/networks/dev-milvus-vpc",
            "network_policy": [
              {
                "enabled": false,
                "provider": "PROVIDER_UNSPECIFIED"
              }
            ],
            "node_config": [],
            "node_locations": [],
            "node_pool": [],
            "node_version": "1.23.6-gke.1700",
            "operation": null,
            "pod_security_policy_config": null,
            "private_cluster_config": [],
            "project": "milvus-testing",
            "region": null,
            "remove_default_node_pool": true,
            "resource_labels": null,
            "services_ipv4_cidr": "10.28.0.0/20",
            "subnetwork": "projects/milvus-testing/regions/us-east1/subnetworks/test-subnetwork",
            "timeouts": null,
            "vertical_pod_autoscaling": [],
            "zone": null
          },
          "sensitive_attributes": [],
          "private": "eyJlMmJmYjczMC1lY2FhLTExZTYtOGY4OC0zNDM2M2JjN2M0YzAiOnsiY3JlYXRlIjoyNDAwMDAwMDAwMDAwLCJkZWxldGUiOjI0MDAwMDAwMDAwMDAsInVwZGF0ZSI6MzYwMDAwMDAwMDAwMH0sInNjaGVtYV92ZXJzaW9uIjoiMSJ9",
          "dependencies": [
            "google_compute_network.vpc_network",
            "google_compute_subnetwork.network-with-private-secondary-ip-ranges"
          ]
        }
      ]
    },
    {
      "mode": "managed",
      "type": "google_container_node_pool",
      "name": "kubernetes_node_pool",
      "provider": "provider[\"registry.terraform.io/hashicorp/google\"]",
      "instances": [
        {
          "schema_version": 1,
          "attributes": {
            "autoscaling": [],
            "cluster": "milvus-dev-cluster",
            "id": "projects/milvus-testing/locations/us-east1-b/clusters/milvus-dev-cluster/nodePools/milvus-dev-node-pool",
            "initial_node_count": 2,
            "instance_group_urls": [
              "https://www.googleapis.com/compute/v1/projects/milvus-testing/zones/us-east1-b/instanceGroupManagers/gke-milvus-dev-clust-milvus-dev-node--fb1468f5-grp"
            ],
            "location": "us-east1-b",
            "management": [
              {
                "auto_repair": true,
                "auto_upgrade": true
              }
            ],
            "max_pods_per_node": 110,
            "name": "milvus-dev-node-pool",
            "name_prefix": "",
            "node_config": [
              {
                "disk_size_gb": 25,
                "disk_type": "pd-standard",
                "guest_accelerator": [],
                "image_type": "COS_CONTAINERD",
                "labels": {},
                "local_ssd_count": 0,
                "machine_type": "e2-standard-4",
                "metadata": {
                  "disable-legacy-endpoints": "true"
                },
                "min_cpu_platform": "",
                "oauth_scopes": [
                  "https://www.googleapis.com/auth/logging.write",
                  "https://www.googleapis.com/auth/monitoring"
                ],
                "preemptible": true,
                "sandbox_config": [],
                "service_account": "default",
                "shielded_instance_config": [
                  {
                    "enable_integrity_monitoring": true,
                    "enable_secure_boot": false
                  }
                ],
                "tags": null,
                "taint": [],
                "workload_metadata_config": []
              }
            ],
            "node_count": 2,
            "project": "milvus-testing",
            "region": null,
            "timeouts": null,
            "version": "1.23.6-gke.1700",
            "zone": null
          },
          "sensitive_attributes": [],
          "private": "eyJlMmJmYjczMC1lY2FhLTExZTYtOGY4OC0zNDM2M2JjN2M0YzAiOnsiY3JlYXRlIjoxODAwMDAwMDAwMDAwLCJkZWxldGUiOjE4MDAwMDAwMDAwMDAsInVwZGF0ZSI6MTgwMDAwMDAwMDAwMH0sInNjaGVtYV92ZXJzaW9uIjoiMSJ9",
          "dependencies": [
            "google_compute_network.vpc_network",
            "google_compute_subnetwork.network-with-private-secondary-ip-ranges",
            "google_container_cluster.kubernetes_cluster"
          ]
        }
      ]
    }
  ]
}
