{
  "version": 4,
  "terraform_version": "1.2.2",
  "serial": 38,
  "lineage": "4a738652-65be-03f0-31e5-e1390d92d631",
  "outputs": {},
  "resources": [
    {
      "mode": "managed",
      "type": "google_compute_firewall",
      "name": "milvus_ingress_firewall_rule",
      "provider": "provider[\"registry.terraform.io/hashicorp/google\"]",
      "instances": [
        {
          "schema_version": 1,
          "attributes": {
            "allow": [
              {
                "ports": [
                  "19530"
                ],
                "protocol": "tcp"
              }
            ],
            "creation_timestamp": "2022-06-13T21:08:18.152-07:00",
            "deny": [],
            "description": "Allow ingress traffic for Milvus on port 19530",
            "destination_ranges": [],
            "direction": "INGRESS",
            "disabled": false,
            "enable_logging": false,
            "id": "projects/milvus-testing/global/firewalls/milvus-ingress",
            "name": "milvus-ingress",
            "network": "https://www.googleapis.com/compute/v1/projects/milvus-testing/global/networks/dev-milvus-vpc",
            "priority": 1000,
            "project": "milvus-testing",
            "self_link": "https://www.googleapis.com/compute/v1/projects/milvus-testing/global/firewalls/milvus-ingress",
            "source_ranges": [
              "0.0.0.0/0"
            ],
            "source_service_accounts": [],
            "source_tags": [],
            "target_service_accounts": [],
            "target_tags": [],
            "timeouts": null
          },
          "sensitive_attributes": [],
          "private": "eyJlMmJmYjczMC1lY2FhLTExZTYtOGY4OC0zNDM2M2JjN2M0YzAiOnsiY3JlYXRlIjoyNDAwMDAwMDAwMDAsImRlbGV0ZSI6MjQwMDAwMDAwMDAwLCJ1cGRhdGUiOjI0MDAwMDAwMDAwMH0sInNjaGVtYV92ZXJzaW9uIjoiMSJ9",
          "dependencies": [
            "google_compute_network.vpc_network"
          ]
        }
      ]
    },
    {
      "mode": "managed",
      "type": "google_compute_network",
      "name": "vpc_network",
      "provider": "provider[\"registry.terraform.io/hashicorp/google\"]",
      "instances": [
        {
          "schema_version": 0,
          "attributes": {
            "auto_create_subnetworks": false,
            "delete_default_routes_on_create": false,
            "description": "",
            "gateway_ipv4": "",
            "id": "projects/milvus-testing/global/networks/dev-milvus-vpc",
            "ipv4_range": null,
            "name": "dev-milvus-vpc",
            "project": "milvus-testing",
            "routing_mode": "REGIONAL",
            "self_link": "https://www.googleapis.com/compute/v1/projects/milvus-testing/global/networks/dev-milvus-vpc",
            "timeouts": null
          },
          "sensitive_attributes": [],
          "private": "eyJlMmJmYjczMC1lY2FhLTExZTYtOGY4OC0zNDM2M2JjN2M0YzAiOnsiY3JlYXRlIjoyNDAwMDAwMDAwMDAsImRlbGV0ZSI6MjQwMDAwMDAwMDAwLCJ1cGRhdGUiOjI0MDAwMDAwMDAwMH19"
        }
      ]
    },
    {
      "mode": "managed",
      "type": "google_compute_subnetwork",
      "name": "network-with-private-secondary-ip-ranges",
      "provider": "provider[\"registry.terraform.io/hashicorp/google\"]",
      "instances": [
        {
          "schema_version": 0,
          "attributes": {
            "creation_timestamp": "2022-06-13T20:50:31.913-07:00",
            "description": "",
            "enable_flow_logs": null,
            "fingerprint": null,
            "gateway_address": "10.2.0.1",
            "id": "projects/milvus-testing/regions/us-east1/subnetworks/test-subnetwork",
            "ip_cidr_range": "10.2.0.0/16",
            "log_config": [],
            "name": "test-subnetwork",
            "network": "https://www.googleapis.com/compute/v1/projects/milvus-testing/global/networks/dev-milvus-vpc",
            "private_ip_google_access": false,
            "project": "milvus-testing",
            "region": "us-east1",
            "secondary_ip_range": [
              {
                "ip_cidr_range": "192.168.10.0/24",
                "range_name": "tf-test-secondary-range-update1"
              }
            ],
            "self_link": "https://www.googleapis.com/compute/v1/projects/milvus-testing/regions/us-east1/subnetworks/test-subnetwork",
            "timeouts": null
          },
          "sensitive_attributes": [],
          "private": "eyJlMmJmYjczMC1lY2FhLTExZTYtOGY4OC0zNDM2M2JjN2M0YzAiOnsiY3JlYXRlIjozNjAwMDAwMDAwMDAsImRlbGV0ZSI6MzYwMDAwMDAwMDAwLCJ1cGRhdGUiOjM2MDAwMDAwMDAwMH19",
          "dependencies": [
            "google_compute_network.vpc_network"
          ]
        }
      ]
    },
    {
      "mode": "managed",
      "type": "google_container_cluster",
      "name": "kubernetes_cluster",
      "provider": "provider[\"registry.terraform.io/hashicorp/google\"]",
      "instances": [
        {
          "schema_version": 1,
          "attributes": {
            "additional_zones": [],
            "addons_config": [
              {
                "horizontal_pod_autoscaling": [],
                "http_load_balancing": [],
                "kubernetes_dashboard": [],
                "network_policy_config": [
                  {
                    "disabled": true
                  }
                ]
              }
            ],
            "authenticator_groups_config": [],
            "cluster_autoscaling": [
              {
                "auto_provisioning_defaults": [],
                "enabled": false,
                "resource_limits": []
              }
            ],
            "cluster_ipv4_cidr": "10.24.0.0/14",
            "default_max_pods_per_node": 110,
            "description": "",
            "enable_binary_authorization": null,
            "enable_intranode_visibility": null,
            "enable_kubernetes_alpha": false,
            "enable_legacy_abac": false,
            "enable_tpu": null,
            "endpoint": "34.138.42.239",
            "id": "projects/milvus-testing/locations/us-east1-b/clusters/milvus-dev-cluster",
            "initial_node_count": 1,
            "instance_group_urls": [],
            "ip_allocation_policy": [
              {
                "cluster_ipv4_cidr_block": "10.24.0.0/14",
                "cluster_secondary_range_name": "gke-milvus-dev-cluster-pods-cfe944f3",
                "create_subnetwork": false,
                "node_ipv4_cidr_block": "",
                "services_ipv4_cidr_block": "10.28.0.0/20",
                "services_secondary_range_name": "gke-milvus-dev-cluster-services-cfe944f3",
                "subnetwork_name": "",
                "use_ip_aliases": false
              }
            ],
            "location": "us-east1-b",
            "logging_service": "logging.googleapis.com/kubernetes",
            "maintenance_policy": [],
            "master_auth": [
              {
                "client_certificate": "",
                "client_certificate_config": [
                  {
                    "issue_client_certificate": false
                  }
                ],
                "client_key": "",
                "cluster_ca_certificate": "LS0tLS1CRUdJTiBDRVJUSUZJQ0FURS0tLS0tCk1JSUVMRENDQXBTZ0F3SUJBZ0lRU0ZKWDhzWHAySUdGSnpXcTJoZ01EREFOQmdrcWhraUc5dzBCQVFzRkFEQXYKTVMwd0t3WURWUVFERXlRMk9EUXlNREprWkMwd1lUVmlMVFEzWlRBdE9URmhaQzB6T1RCbE9XVTFPVFZoTW1VdwpJQmNOTWpJd05qRTFNakF3TlRJNFdoZ1BNakExTWpBMk1EY3lNVEExTWpoYU1DOHhMVEFyQmdOVkJBTVRKRFk0Ck5ESXdNbVJrTFRCaE5XSXRORGRsTUMwNU1XRmtMVE01TUdVNVpUVTVOV0V5WlRDQ0FhSXdEUVlKS29aSWh2Y04KQVFFQkJRQURnZ0dQQURDQ0FZb0NnZ0dCQUoxSUozajc4cnpPVGtQSWViRFNScE9ENVNyeS9ISzhnMTAyUjZoWgpaKzdPdlN6QnV3WW9vWEVyb1kzRGwzZGg4Y2RCbkc5RjhlQ1hLOGtzemJOR2dodmNlL0tCQkxrQnFpa0YrWXNsClRZTEpSWFMyb3UwdStiUzMxdDhJSmFzaTlkOGxNQThtdkpYL3p4bklxOHl3cVhzZFpFNHZ3dWczc0ZRcnExUTYKVW5CMTFNTHRpVXNlTnVqQjVRSklhclBiZi9rSCt4L2w3b3pkT0hOVnNMeEpiaFBqTG9xazlhbEw4L21ZNnV1Rwp4Z1NwVVh1N2lwS1VGNW9La0JndFFUK0pWWk9QZE4vMFNFRGp1QU5CczYrenNNTVBQOUVLSGt2Sk1zWWlpb2xRCmhveDUzN3pLTk5aOXMyMUZtOGJud1JJbjYvZkZ6TTNKdVA1VFZUNDk2d0U1UHdqUXJiWWVNaW8zd3c3MzVLcXUKckRQbm9ScmhSbGtTcFFoU1JlY0pPeXg4cmtwSFNkdVMrbHM4SGo5bHNMR0N3YlJkSnhVUHpTK2ZLc0NmeXlhTAoyREFPSUthbTEyWEU4T2VUZ0ZpU1BIQTljSXNFQWR6U1VHQlJTNnNuK291eXZNWFRodko4eDFCZHJFNXBJdmVjClRENzRSd3JqZ0F4dGFrRExnOTdXOExaTGFRSURBUUFCbzBJd1FEQU9CZ05WSFE4QkFmOEVCQU1DQWdRd0R3WUQKVlIwVEFRSC9CQVV3QXdFQi96QWRCZ05WSFE0RUZnUVVIRFJKTkYwT1pncU1XWVlKeFJjcHk0QWVaQ1F3RFFZSgpLb1pJaHZjTkFRRUxCUUFEZ2dHQkFKaVNwSW1xWW9wZ216NTRFMHR4V0lMeVdwZHQxZXVQOXVoSWNHbzdxYVU3CkNXQVczZWUrQlNNeDEwYWE0Nm5LdlFiR3BnckdlNTRBZFEveFc2Uzd0M3drMktnaW0waXhGejdYQjEwQVYwZW4KandEMHBwekFhdllvV2h0Y1BHVkZhVVRyazl0ZE9XYVZXZWlsZHlzbW4wNEdacVZkN3ZianA0YlJBeVZjTjlqNApZVEswV055M2hPcmFaSFltTFVpMXVWVi92cm9kM3BJbzk1L3E0RWsySXNuZFN3Y3M4WUlLUkpQMndOM2huL2xmCmprcDdwZG5zSER1ejArdHlRS09FWVFnREM2NjRzTG1lbDZHcEJEejRQSGpTeE16UHgyTUMxUSs1bW16c3hRNGQKOFZMM0Q3SHExVmpwd3ZsVEJwcnlFRE93dE5pQjBxeXRLY0dzb1cxbWY4eStMZ0N2REl6ZkNzTWRGVSszMEl3WApHK0s3bVZ6K0RzQ1NYSmN2ZFVzM1d6UDArMGpCQ2kxM2lOL3RLanh6TS8zdmFmREZuNDJlNlhpQUNJSVBNalUyCi9LVU1aU2V1V0lQRVBWSXQ2ak9LaHRaZ09BNDJHaHEwdlhHUmdvS0dqVHdQM1lObzA3NWVaamc4bGEyT2JHRmgKU3d0V2poejVNckxlbUdiKzFBZWVQUT09Ci0tLS0tRU5EIENFUlRJRklDQVRFLS0tLS0K",
                "password": "",
                "username": ""
              }
            ],
            "master_authorized_networks_config": [],
            "master_version": "1.23.6-gke.1700",
            "min_master_version": "1.23.6-gke.1700",
            "monitoring_service": "monitoring.googleapis.com/kubernetes",
            "name": "milvus-dev-cluster",
            "network": "projects/milvus-testing/global/networks/dev-milvus-vpc",
            "network_policy": [
              {
                "enabled": false,
                "provider": "PROVIDER_UNSPECIFIED"
              }
            ],
            "node_config": [],
            "node_locations": [],
            "node_pool": [],
            "node_version": "1.23.6-gke.1700",
            "operation": null,
            "pod_security_policy_config": null,
            "private_cluster_config": [],
            "project": "milvus-testing",
            "region": null,
            "remove_default_node_pool": true,
            "resource_labels": null,
            "services_ipv4_cidr": "10.28.0.0/20",
            "subnetwork": "projects/milvus-testing/regions/us-east1/subnetworks/test-subnetwork",
            "timeouts": null,
            "vertical_pod_autoscaling": [],
            "zone": null
          },
          "sensitive_attributes": [],
          "private": "eyJlMmJmYjczMC1lY2FhLTExZTYtOGY4OC0zNDM2M2JjN2M0YzAiOnsiY3JlYXRlIjoyNDAwMDAwMDAwMDAwLCJkZWxldGUiOjI0MDAwMDAwMDAwMDAsInVwZGF0ZSI6MzYwMDAwMDAwMDAwMH0sInNjaGVtYV92ZXJzaW9uIjoiMSJ9",
          "dependencies": [
            "google_compute_network.vpc_network",
            "google_compute_subnetwork.network-with-private-secondary-ip-ranges"
          ]
        }
      ]
    },
    {
      "mode": "managed",
      "type": "google_container_node_pool",
      "name": "kubernetes_node_pool",
      "provider": "provider[\"registry.terraform.io/hashicorp/google\"]",
      "instances": [
        {
          "schema_version": 1,
          "attributes": {
            "autoscaling": [],
            "cluster": "milvus-dev-cluster",
            "id": "projects/milvus-testing/locations/us-east1-b/clusters/milvus-dev-cluster/nodePools/milvus-dev-node-pool",
            "initial_node_count": 2,
            "instance_group_urls": [
              "https://www.googleapis.com/compute/v1/projects/milvus-testing/zones/us-east1-b/instanceGroupManagers/gke-milvus-dev-clust-milvus-dev-node--d0344e0b-grp"
            ],
            "location": "us-east1-b",
            "management": [
              {
                "auto_repair": true,
                "auto_upgrade": true
              }
            ],
            "max_pods_per_node": 110,
            "name": "milvus-dev-node-pool",
            "name_prefix": "",
            "node_config": [
              {
                "disk_size_gb": 25,
                "disk_type": "pd-standard",
                "guest_accelerator": [],
                "image_type": "COS_CONTAINERD",
                "labels": {},
                "local_ssd_count": 0,
                "machine_type": "e2-medium",
                "metadata": {
                  "disable-legacy-endpoints": "true"
                },
                "min_cpu_platform": "",
                "oauth_scopes": [
                  "https://www.googleapis.com/auth/logging.write",
                  "https://www.googleapis.com/auth/monitoring"
                ],
                "preemptible": true,
                "sandbox_config": [],
                "service_account": "default",
                "shielded_instance_config": [
                  {
                    "enable_integrity_monitoring": true,
                    "enable_secure_boot": false
                  }
                ],
                "tags": null,
                "taint": [],
                "workload_metadata_config": []
              }
            ],
            "node_count": 2,
            "project": "milvus-testing",
            "region": null,
            "timeouts": null,
            "version": "1.23.6-gke.1700",
            "zone": null
          },
          "sensitive_attributes": [],
          "private": "eyJlMmJmYjczMC1lY2FhLTExZTYtOGY4OC0zNDM2M2JjN2M0YzAiOnsiY3JlYXRlIjoxODAwMDAwMDAwMDAwLCJkZWxldGUiOjE4MDAwMDAwMDAwMDAsInVwZGF0ZSI6MTgwMDAwMDAwMDAwMH0sInNjaGVtYV92ZXJzaW9uIjoiMSJ9",
          "dependencies": [
            "google_compute_network.vpc_network",
            "google_compute_subnetwork.network-with-private-secondary-ip-ranges",
            "google_container_cluster.kubernetes_cluster"
          ]
        }
      ]
    }
  ]
}
